
Microsoft Visual Studio Solution File, Format Version 12.00
# Visual Studio 2013
VisualStudioVersion = 12.0.0.0
MinimumVisualStudioVersion = 10.0.0.1
Project("{FAE04EC0-301F-11D3-BF4B-00C04F79EFBC}") = "Imperium.Ecs", "Imperium.Ecs\Imperium.Ecs.csproj", "{942FC477-CDFA-4C06-B01C-2B29C9B30B01}"
EndProject
Project("{FAE04EC0-301F-11D3-BF4B-00C04F79EFBC}") = "Imperium.Ecs.Tests", "Imperium.Ecs.Tests\Imperium.Ecs.Tests.csproj", "{00E6CEF6-F2E8-48C4-A34A-77DE5AD00BD2}"
EndProject
Project("{FAE04EC0-301F-11D3-BF4B-00C04F79EFBC}") = "Imperium.Core", "Imperium.Core\Imperium.Core.csproj", "{521ED1BE-B540-4D2C-8DA9-87EC22CF9F91}"
EndProject
Project("{FAE04EC0-301F-11D3-BF4B-00C04F79EFBC}") = "Imperium.Core.Tests", "Imperium.Core.Tests\Imperium.Core.Tests.csproj", "{2D79E6C3-8DCB-4C00-95FF-C2D82E73B0F2}"
EndProject
Project("{FAE04EC0-301F-11D3-BF4B-00C04F79EFBC}") = "Imperium.Game", "Imperium.Game\Imperium.Game.csproj", "{4CAF52CC-8169-4DF9-B01C-56A2EF0D2C23}"
EndProject
Project("{FAE04EC0-301F-11D3-BF4B-00C04F79EFBC}") = "Imperium.Application", "Imperium.Application\Imperium.Application.csproj", "{423E9F1A-8126-4936-A49E-17D2F9746190}"
EndProject
Project("{FAE04EC0-301F-11D3-BF4B-00C04F79EFBC}") = "Imperium.Server", "Imperium.Server\Imperium.Server.csproj", "{4F2FA629-6D86-4B25-8999-4152FD596CE2}"
EndProject
Project("{FAE04EC0-301F-11D3-BF4B-00C04F79EFBC}") = "Imperium.CommonData", "Imperium.CommonData\Imperium.CommonData.csproj", "{A0504B8A-ECBB-4F93-AD2E-48DC7BCEF77A}"
EndProject
Project("{FAE04EC0-301F-11D3-BF4B-00C04F79EFBC}") = "Imperium.Server.Tests", "Imperium.Server.Tests\Imperium.Server.Tests.csproj", "{7EEC85FE-870F-44DD-93EC-36EC407DD49C}"
EndProject
Project("{FAE04EC0-301F-11D3-BF4B-00C04F79EFBC}") = "Imperium.Client", "Imperium.Client\Imperium.Client.csproj", "{119FDE39-2B95-44F8-A4B4-555E8C70337E}"
EndProject
Project("{FAE04EC0-301F-11D3-BF4B-00C04F79EFBC}") = "Imperium.Escape", "Imperium.Escape\Imperium.Escape.csproj", "{582C33B3-271C-4002-875B-76CA4815AD95}"
EndProject
Project("{FAE04EC0-301F-11D3-BF4B-00C04F79EFBC}") = "Province.Log", "Province.Log\Province.Log.csproj", "{8ED77D14-9639-4B55-88C9-77D478D63B9A}"
EndProject
Project("{FAE04EC0-301F-11D3-BF4B-00C04F79EFBC}") = "Province.Vector", "Province.Vector\Province.Vector.csproj", "{60EB862E-9925-4184-B7FE-355D79DA8FE9}"
EndProject
Project("{FAE04EC0-301F-11D3-BF4B-00C04F79EFBC}") = "Province.Vector.Tests", "Province.Vector.Tests\Province.Vector.Tests.csproj", "{DFCCDC95-757E-4FDD-B7FB-30CFF3AE324E}"
EndProject
Project("{FAE04EC0-301F-11D3-BF4B-00C04F79EFBC}") = "Imperium.Game.Tests", "Imperium.Game.Tests\Imperium.Game.Tests.csproj", "{2CA09FDB-72AE-4B95-9BE9-EA5D8C8BB424}"
EndProject
Project("{FAE04EC0-301F-11D3-BF4B-00C04F79EFBC}") = "Province.ExtendedFramework", "Province.ExtendedFramework\Province.ExtendedFramework.csproj", "{47C87D4A-69EC-4574-A745-24B05A72A4DA}"
EndProject
Global
	GlobalSection(SolutionConfigurationPlatforms) = preSolution
		Debug|Any CPU = Debug|Any CPU
		Release|Any CPU = Release|Any CPU
	EndGlobalSection
	GlobalSection(ProjectConfigurationPlatforms) = postSolution
		{942FC477-CDFA-4C06-B01C-2B29C9B30B01}.Debug|Any CPU.ActiveCfg = Debug|Any CPU
		{942FC477-CDFA-4C06-B01C-2B29C9B30B01}.Debug|Any CPU.Build.0 = Debug|Any CPU
		{942FC477-CDFA-4C06-B01C-2B29C9B30B01}.Release|Any CPU.ActiveCfg = Release|Any CPU
		{942FC477-CDFA-4C06-B01C-2B29C9B30B01}.Release|Any CPU.Build.0 = Release|Any CPU
		{00E6CEF6-F2E8-48C4-A34A-77DE5AD00BD2}.Debug|Any CPU.ActiveCfg = Debug|Any CPU
		{00E6CEF6-F2E8-48C4-A34A-77DE5AD00BD2}.Debug|Any CPU.Build.0 = Debug|Any CPU
		{00E6CEF6-F2E8-48C4-A34A-77DE5AD00BD2}.Release|Any CPU.ActiveCfg = Release|Any CPU
		{00E6CEF6-F2E8-48C4-A34A-77DE5AD00BD2}.Release|Any CPU.Build.0 = Release|Any CPU
		{521ED1BE-B540-4D2C-8DA9-87EC22CF9F91}.Debug|Any CPU.ActiveCfg = Debug|Any CPU
		{521ED1BE-B540-4D2C-8DA9-87EC22CF9F91}.Debug|Any CPU.Build.0 = Debug|Any CPU
		{521ED1BE-B540-4D2C-8DA9-87EC22CF9F91}.Release|Any CPU.ActiveCfg = Release|Any CPU
		{521ED1BE-B540-4D2C-8DA9-87EC22CF9F91}.Release|Any CPU.Build.0 = Release|Any CPU
		{2D79E6C3-8DCB-4C00-95FF-C2D82E73B0F2}.Debug|Any CPU.ActiveCfg = Debug|Any CPU
		{2D79E6C3-8DCB-4C00-95FF-C2D82E73B0F2}.Debug|Any CPU.Build.0 = Debug|Any CPU
		{2D79E6C3-8DCB-4C00-95FF-C2D82E73B0F2}.Release|Any CPU.ActiveCfg = Release|Any CPU
		{2D79E6C3-8DCB-4C00-95FF-C2D82E73B0F2}.Release|Any CPU.Build.0 = Release|Any CPU
		{4CAF52CC-8169-4DF9-B01C-56A2EF0D2C23}.Debug|Any CPU.ActiveCfg = Debug|Any CPU
		{4CAF52CC-8169-4DF9-B01C-56A2EF0D2C23}.Debug|Any CPU.Build.0 = Debug|Any CPU
		{4CAF52CC-8169-4DF9-B01C-56A2EF0D2C23}.Release|Any CPU.ActiveCfg = Release|Any CPU
		{4CAF52CC-8169-4DF9-B01C-56A2EF0D2C23}.Release|Any CPU.Build.0 = Release|Any CPU
		{423E9F1A-8126-4936-A49E-17D2F9746190}.Debug|Any CPU.ActiveCfg = Debug|Any CPU
		{423E9F1A-8126-4936-A49E-17D2F9746190}.Debug|Any CPU.Build.0 = Debug|Any CPU
		{423E9F1A-8126-4936-A49E-17D2F9746190}.Release|Any CPU.ActiveCfg = Release|Any CPU
		{423E9F1A-8126-4936-A49E-17D2F9746190}.Release|Any CPU.Build.0 = Release|Any CPU
		{4F2FA629-6D86-4B25-8999-4152FD596CE2}.Debug|Any CPU.ActiveCfg = Debug|Any CPU
		{4F2FA629-6D86-4B25-8999-4152FD596CE2}.Debug|Any CPU.Build.0 = Debug|Any CPU
		{4F2FA629-6D86-4B25-8999-4152FD596CE2}.Release|Any CPU.ActiveCfg = Release|Any CPU
		{4F2FA629-6D86-4B25-8999-4152FD596CE2}.Release|Any CPU.Build.0 = Release|Any CPU
		{A0504B8A-ECBB-4F93-AD2E-48DC7BCEF77A}.Debug|Any CPU.ActiveCfg = Debug|Any CPU
		{A0504B8A-ECBB-4F93-AD2E-48DC7BCEF77A}.Debug|Any CPU.Build.0 = Debug|Any CPU
		{A0504B8A-ECBB-4F93-AD2E-48DC7BCEF77A}.Release|Any CPU.ActiveCfg = Release|Any CPU
		{A0504B8A-ECBB-4F93-AD2E-48DC7BCEF77A}.Release|Any CPU.Build.0 = Release|Any CPU
		{7EEC85FE-870F-44DD-93EC-36EC407DD49C}.Debug|Any CPU.ActiveCfg = Debug|Any CPU
		{7EEC85FE-870F-44DD-93EC-36EC407DD49C}.Debug|Any CPU.Build.0 = Debug|Any CPU
		{7EEC85FE-870F-44DD-93EC-36EC407DD49C}.Release|Any CPU.ActiveCfg = Release|Any CPU
		{7EEC85FE-870F-44DD-93EC-36EC407DD49C}.Release|Any CPU.Build.0 = Release|Any CPU
		{119FDE39-2B95-44F8-A4B4-555E8C70337E}.Debug|Any CPU.ActiveCfg = Debug|Any CPU
		{119FDE39-2B95-44F8-A4B4-555E8C70337E}.Debug|Any CPU.Build.0 = Debug|Any CPU
		{119FDE39-2B95-44F8-A4B4-555E8C70337E}.Release|Any CPU.ActiveCfg = Release|Any CPU
		{119FDE39-2B95-44F8-A4B4-555E8C70337E}.Release|Any CPU.Build.0 = Release|Any CPU
		{582C33B3-271C-4002-875B-76CA4815AD95}.Debug|Any CPU.ActiveCfg = Debug|Any CPU
		{582C33B3-271C-4002-875B-76CA4815AD95}.Debug|Any CPU.Build.0 = Debug|Any CPU
		{582C33B3-271C-4002-875B-76CA4815AD95}.Release|Any CPU.ActiveCfg = Release|Any CPU
		{582C33B3-271C-4002-875B-76CA4815AD95}.Release|Any CPU.Build.0 = Release|Any CPU
		{8ED77D14-9639-4B55-88C9-77D478D63B9A}.Debug|Any CPU.ActiveCfg = Debug|Any CPU
		{8ED77D14-9639-4B55-88C9-77D478D63B9A}.Debug|Any CPU.Build.0 = Debug|Any CPU
		{8ED77D14-9639-4B55-88C9-77D478D63B9A}.Release|Any CPU.ActiveCfg = Release|Any CPU
		{8ED77D14-9639-4B55-88C9-77D478D63B9A}.Release|Any CPU.Build.0 = Release|Any CPU
		{60EB862E-9925-4184-B7FE-355D79DA8FE9}.Debug|Any CPU.ActiveCfg = Debug|Any CPU
		{60EB862E-9925-4184-B7FE-355D79DA8FE9}.Debug|Any CPU.Build.0 = Debug|Any CPU
		{60EB862E-9925-4184-B7FE-355D79DA8FE9}.Release|Any CPU.ActiveCfg = Release|Any CPU
		{60EB862E-9925-4184-B7FE-355D79DA8FE9}.Release|Any CPU.Build.0 = Release|Any CPU
		{DFCCDC95-757E-4FDD-B7FB-30CFF3AE324E}.Debug|Any CPU.ActiveCfg = Debug|Any CPU
		{DFCCDC95-757E-4FDD-B7FB-30CFF3AE324E}.Debug|Any CPU.Build.0 = Debug|Any CPU
		{DFCCDC95-757E-4FDD-B7FB-30CFF3AE324E}.Release|Any CPU.ActiveCfg = Release|Any CPU
		{DFCCDC95-757E-4FDD-B7FB-30CFF3AE324E}.Release|Any CPU.Build.0 = Release|Any CPU
		{2CA09FDB-72AE-4B95-9BE9-EA5D8C8BB424}.Debug|Any CPU.ActiveCfg = Debug|Any CPU
		{2CA09FDB-72AE-4B95-9BE9-EA5D8C8BB424}.Debug|Any CPU.Build.0 = Debug|Any CPU
		{2CA09FDB-72AE-4B95-9BE9-EA5D8C8BB424}.Release|Any CPU.ActiveCfg = Release|Any CPU
		{2CA09FDB-72AE-4B95-9BE9-EA5D8C8BB424}.Release|Any CPU.Build.0 = Release|Any CPU
		{47C87D4A-69EC-4574-A745-24B05A72A4DA}.Debug|Any CPU.ActiveCfg = Debug|Any CPU
		{47C87D4A-69EC-4574-A745-24B05A72A4DA}.Debug|Any CPU.Build.0 = Debug|Any CPU
		{47C87D4A-69EC-4574-A745-24B05A72A4DA}.Release|Any CPU.ActiveCfg = Release|Any CPU
		{47C87D4A-69EC-4574-A745-24B05A72A4DA}.Release|Any CPU.Build.0 = Release|Any CPU
	EndGlobalSection
	GlobalSection(SolutionProperties) = preSolution
		HideSolutionNode = FALSE
	EndGlobalSection
EndGlobal
